
Microsoft Visual Studio Solution File, Format Version 12.00
# Visual Studio Version 17
VisualStudioVersion = 17.11.35327.3
MinimumVisualStudioVersion = 10.0.40219.1
Project("{2150E333-8FDC-42A3-9474-1A3956D46DE8}") = "winevdm", "winevdm", "{3C58F64F-D1C5-4E23-ADA1-C7D207664399}"
EndProject
Project("{8BC9CEB8-8B4A-11D0-8D11-00A0C91BC942}") = "wine", "winevdm\wine\wine.vcxproj", "{C978A6C2-F788-4F5E-8E14-73C1B6B521CE}"
EndProject
Project("{8BC9CEB8-8B4A-11D0-8D11-00A0C91BC942}") = "winecrt0", "winevdm\winecrt0\winecrt0.vcxproj", "{583655C3-2633-4597-BD31-C5AA1EC78AD2}"
	ProjectSection(ProjectDependencies) = postProject
		{C978A6C2-F788-4F5E-8E14-73C1B6B521CE} = {C978A6C2-F788-4F5E-8E14-73C1B6B521CE}
	EndProjectSection
EndProject
Project("{8BC9CEB8-8B4A-11D0-8D11-00A0C91BC942}") = "krnl386", "winevdm\krnl386\krnl386.vcxproj", "{D3F34C25-272C-4E4F-9B6F-BE7ABB472966}"
	ProjectSection(ProjectDependencies) = postProject
		{583655C3-2633-4597-BD31-C5AA1EC78AD2} = {583655C3-2633-4597-BD31-C5AA1EC78AD2}
		{C978A6C2-F788-4F5E-8E14-73C1B6B521CE} = {C978A6C2-F788-4F5E-8E14-73C1B6B521CE}
		{DC6BA231-C318-436F-8F5C-5E2CC73779E2} = {DC6BA231-C318-436F-8F5C-5E2CC73779E2}
	EndProjectSection
EndProject
Project("{8BC9CEB8-8B4A-11D0-8D11-00A0C91BC942}") = "convspec", "winevdm\convspec\convspec.vcxproj", "{DC6BA231-C318-436F-8F5C-5E2CC73779E2}"
	ProjectSection(ProjectDependencies) = postProject
		{C978A6C2-F788-4F5E-8E14-73C1B6B521CE} = {C978A6C2-F788-4F5E-8E14-73C1B6B521CE}
	EndProjectSection
EndProject
Project("{8BC9CEB8-8B4A-11D0-8D11-00A0C91BC942}") = "keyboard", "winevdm\keyboard\keyboard.vcxproj", "{B83EEE1C-F8DE-4F82-8928-67F1B142E5F2}"
	ProjectSection(ProjectDependencies) = postProject
		{583655C3-2633-4597-BD31-C5AA1EC78AD2} = {583655C3-2633-4597-BD31-C5AA1EC78AD2}
		{C978A6C2-F788-4F5E-8E14-73C1B6B521CE} = {C978A6C2-F788-4F5E-8E14-73C1B6B521CE}
		{DC6BA231-C318-436F-8F5C-5E2CC73779E2} = {DC6BA231-C318-436F-8F5C-5E2CC73779E2}
	EndProjectSection
EndProject
Project("{8BC9CEB8-8B4A-11D0-8D11-00A0C91BC942}") = "display", "winevdm\display\display.vcxproj", "{E0AF9E72-F364-481A-A6E5-63EA88DF684E}"
	ProjectSection(ProjectDependencies) = postProject
		{D3F34C25-272C-4E4F-9B6F-BE7ABB472966} = {D3F34C25-272C-4E4F-9B6F-BE7ABB472966}
	EndProjectSection
EndProject
Project("{8BC9CEB8-8B4A-11D0-8D11-00A0C91BC942}") = "mouse", "winevdm\mouse\mouse.vcxproj", "{F1DEC3F9-706B-410D-91D5-0381BB9BA22A}"
	ProjectSection(ProjectDependencies) = postProject
		{B83EEE1C-F8DE-4F82-8928-67F1B142E5F2} = {B83EEE1C-F8DE-4F82-8928-67F1B142E5F2}
		{C978A6C2-F788-4F5E-8E14-73C1B6B521CE} = {C978A6C2-F788-4F5E-8E14-73C1B6B521CE}
		{D3F34C25-272C-4E4F-9B6F-BE7ABB472966} = {D3F34C25-272C-4E4F-9B6F-BE7ABB472966}
		{DC6BA231-C318-436F-8F5C-5E2CC73779E2} = {DC6BA231-C318-436F-8F5C-5E2CC73779E2}
	EndProjectSection
EndProject
Project("{8BC9CEB8-8B4A-11D0-8D11-00A0C91BC942}") = "sound", "winevdm\sound\sound.vcxproj", "{7B417913-AE01-41E5-BFEA-AB971B779F63}"
	ProjectSection(ProjectDependencies) = postProject
		{D3F34C25-272C-4E4F-9B6F-BE7ABB472966} = {D3F34C25-272C-4E4F-9B6F-BE7ABB472966}
	EndProjectSection
EndProject
Project("{8BC9CEB8-8B4A-11D0-8D11-00A0C91BC942}") = "system", "winevdm\system\system.vcxproj", "{6E81B0D8-0218-4EB9-88D7-AD2F2EBD928C}"
	ProjectSection(ProjectDependencies) = postProject
		{D3F34C25-272C-4E4F-9B6F-BE7ABB472966} = {D3F34C25-272C-4E4F-9B6F-BE7ABB472966}
	EndProjectSection
EndProject
Project("{8BC9CEB8-8B4A-11D0-8D11-00A0C91BC942}") = "comm", "winevdm\comm\comm.vcxproj", "{3D889B37-09C8-4030-B815-830566CD57A3}"
	ProjectSection(ProjectDependencies) = postProject
		{583655C3-2633-4597-BD31-C5AA1EC78AD2} = {583655C3-2633-4597-BD31-C5AA1EC78AD2}
		{C978A6C2-F788-4F5E-8E14-73C1B6B521CE} = {C978A6C2-F788-4F5E-8E14-73C1B6B521CE}
		{D3F34C25-272C-4E4F-9B6F-BE7ABB472966} = {D3F34C25-272C-4E4F-9B6F-BE7ABB472966}
		{DC6BA231-C318-436F-8F5C-5E2CC73779E2} = {DC6BA231-C318-436F-8F5C-5E2CC73779E2}
	EndProjectSection
EndProject
Project("{8BC9CEB8-8B4A-11D0-8D11-00A0C91BC942}") = "timer", "winevdm\timer\timer.vcxproj", "{09EF1555-CA21-47F8-8830-04A53295F8B6}"
	ProjectSection(ProjectDependencies) = postProject
		{D3F34C25-272C-4E4F-9B6F-BE7ABB472966} = {D3F34C25-272C-4E4F-9B6F-BE7ABB472966}
	EndProjectSection
EndProject
Project("{8BC9CEB8-8B4A-11D0-8D11-00A0C91BC942}") = "vm86", "winevdm\vm86\vm86.vcxproj", "{0A37BC0E-8433-453D-9DEA-7AAD7C0E6E5C}"
	ProjectSection(ProjectDependencies) = postProject
		{C978A6C2-F788-4F5E-8E14-73C1B6B521CE} = {C978A6C2-F788-4F5E-8E14-73C1B6B521CE}
	EndProjectSection
EndProject
Project("{8BC9CEB8-8B4A-11D0-8D11-00A0C91BC942}") = "gdi", "winevdm\gdi\gdi.vcxproj", "{0EBCFB5B-3092-4E06-A007-CA50B1DA3298}"
	ProjectSection(ProjectDependencies) = postProject
		{066A261B-90F6-4AB7-8F53-1455F068D6F7} = {066A261B-90F6-4AB7-8F53-1455F068D6F7}
		{583655C3-2633-4597-BD31-C5AA1EC78AD2} = {583655C3-2633-4597-BD31-C5AA1EC78AD2}
		{C978A6C2-F788-4F5E-8E14-73C1B6B521CE} = {C978A6C2-F788-4F5E-8E14-73C1B6B521CE}
		{D3F34C25-272C-4E4F-9B6F-BE7ABB472966} = {D3F34C25-272C-4E4F-9B6F-BE7ABB472966}
		{DC6BA231-C318-436F-8F5C-5E2CC73779E2} = {DC6BA231-C318-436F-8F5C-5E2CC73779E2}
	EndProjectSection
EndProject
Project("{8BC9CEB8-8B4A-11D0-8D11-00A0C91BC942}") = "user", "winevdm\user\user.vcxproj", "{066A261B-90F6-4AB7-8F53-1455F068D6F7}"
	ProjectSection(ProjectDependencies) = postProject
		{583655C3-2633-4597-BD31-C5AA1EC78AD2} = {583655C3-2633-4597-BD31-C5AA1EC78AD2}
		{C978A6C2-F788-4F5E-8E14-73C1B6B521CE} = {C978A6C2-F788-4F5E-8E14-73C1B6B521CE}
		{D3F34C25-272C-4E4F-9B6F-BE7ABB472966} = {D3F34C25-272C-4E4F-9B6F-BE7ABB472966}
	EndProjectSection
EndProject
Project("{8BC9CEB8-8B4A-11D0-8D11-00A0C91BC942}") = "mmsystem", "winevdm\mmsystem\mmsystem.vcxproj", "{249FBAE5-EC5D-4988-87AC-A4371D827BA4}"
	ProjectSection(ProjectDependencies) = postProject
		{583655C3-2633-4597-BD31-C5AA1EC78AD2} = {583655C3-2633-4597-BD31-C5AA1EC78AD2}
		{C978A6C2-F788-4F5E-8E14-73C1B6B521CE} = {C978A6C2-F788-4F5E-8E14-73C1B6B521CE}
		{D3F34C25-272C-4E4F-9B6F-BE7ABB472966} = {D3F34C25-272C-4E4F-9B6F-BE7ABB472966}
		{DC6BA231-C318-436F-8F5C-5E2CC73779E2} = {DC6BA231-C318-436F-8F5C-5E2CC73779E2}
	EndProjectSection
EndProject
Project("{8BC9CEB8-8B4A-11D0-8D11-00A0C91BC942}") = "toolhelp", "winevdm\toolhelp\toolhelp.vcxproj", "{96925A3C-9DD9-418E-A772-A112FFE93DC2}"
	ProjectSection(ProjectDependencies) = postProject
		{066A261B-90F6-4AB7-8F53-1455F068D6F7} = {066A261B-90F6-4AB7-8F53-1455F068D6F7}
		{583655C3-2633-4597-BD31-C5AA1EC78AD2} = {583655C3-2633-4597-BD31-C5AA1EC78AD2}
		{C978A6C2-F788-4F5E-8E14-73C1B6B521CE} = {C978A6C2-F788-4F5E-8E14-73C1B6B521CE}
		{D3F34C25-272C-4E4F-9B6F-BE7ABB472966} = {D3F34C25-272C-4E4F-9B6F-BE7ABB472966}
	EndProjectSection
EndProject
Project("{8BC9CEB8-8B4A-11D0-8D11-00A0C91BC942}") = "wing", "winevdm\wing\wing.vcxproj", "{90402A90-8D53-4843-BF11-7AE93361ED13}"
	ProjectSection(ProjectDependencies) = postProject
		{C978A6C2-F788-4F5E-8E14-73C1B6B521CE} = {C978A6C2-F788-4F5E-8E14-73C1B6B521CE}
		{D3F34C25-272C-4E4F-9B6F-BE7ABB472966} = {D3F34C25-272C-4E4F-9B6F-BE7ABB472966}
	EndProjectSection
EndProject
Project("{8BC9CEB8-8B4A-11D0-8D11-00A0C91BC942}") = "san5pk-64", "san5pk-64\san5pk-64.vcxproj", "{7C2B27EB-8AE3-4FFB-8286-5BE1D4C20273}"
EndProject
Global
	GlobalSection(SolutionConfigurationPlatforms) = preSolution
		Debug|x86 = Debug|x86
		Release|x86 = Release|x86
	EndGlobalSection
	GlobalSection(ProjectConfigurationPlatforms) = postSolution
		{C978A6C2-F788-4F5E-8E14-73C1B6B521CE}.Debug|x86.ActiveCfg = Debug|Win32
		{C978A6C2-F788-4F5E-8E14-73C1B6B521CE}.Debug|x86.Build.0 = Debug|Win32
		{C978A6C2-F788-4F5E-8E14-73C1B6B521CE}.Release|x86.ActiveCfg = Release|Win32
		{C978A6C2-F788-4F5E-8E14-73C1B6B521CE}.Release|x86.Build.0 = Release|Win32
		{583655C3-2633-4597-BD31-C5AA1EC78AD2}.Debug|x86.ActiveCfg = Debug|Win32
		{583655C3-2633-4597-BD31-C5AA1EC78AD2}.Debug|x86.Build.0 = Debug|Win32
		{583655C3-2633-4597-BD31-C5AA1EC78AD2}.Release|x86.ActiveCfg = Release|Win32
		{583655C3-2633-4597-BD31-C5AA1EC78AD2}.Release|x86.Build.0 = Release|Win32
		{D3F34C25-272C-4E4F-9B6F-BE7ABB472966}.Debug|x86.ActiveCfg = Debug|Win32
		{D3F34C25-272C-4E4F-9B6F-BE7ABB472966}.Debug|x86.Build.0 = Debug|Win32
		{D3F34C25-272C-4E4F-9B6F-BE7ABB472966}.Release|x86.ActiveCfg = Release|Win32
		{D3F34C25-272C-4E4F-9B6F-BE7ABB472966}.Release|x86.Build.0 = Release|Win32
		{DC6BA231-C318-436F-8F5C-5E2CC73779E2}.Debug|x86.ActiveCfg = Debug|Win32
		{DC6BA231-C318-436F-8F5C-5E2CC73779E2}.Debug|x86.Build.0 = Debug|Win32
		{DC6BA231-C318-436F-8F5C-5E2CC73779E2}.Release|x86.ActiveCfg = Release|Win32
		{DC6BA231-C318-436F-8F5C-5E2CC73779E2}.Release|x86.Build.0 = Release|Win32
		{B83EEE1C-F8DE-4F82-8928-67F1B142E5F2}.Debug|x86.ActiveCfg = Debug|Win32
		{B83EEE1C-F8DE-4F82-8928-67F1B142E5F2}.Debug|x86.Build.0 = Debug|Win32
		{B83EEE1C-F8DE-4F82-8928-67F1B142E5F2}.Release|x86.ActiveCfg = Release|Win32
		{B83EEE1C-F8DE-4F82-8928-67F1B142E5F2}.Release|x86.Build.0 = Release|Win32
		{E0AF9E72-F364-481A-A6E5-63EA88DF684E}.Debug|x86.ActiveCfg = Debug|Win32
		{E0AF9E72-F364-481A-A6E5-63EA88DF684E}.Debug|x86.Build.0 = Debug|Win32
		{E0AF9E72-F364-481A-A6E5-63EA88DF684E}.Release|x86.ActiveCfg = Release|Win32
		{E0AF9E72-F364-481A-A6E5-63EA88DF684E}.Release|x86.Build.0 = Release|Win32
		{F1DEC3F9-706B-410D-91D5-0381BB9BA22A}.Debug|x86.ActiveCfg = Debug|Win32
		{F1DEC3F9-706B-410D-91D5-0381BB9BA22A}.Debug|x86.Build.0 = Debug|Win32
		{F1DEC3F9-706B-410D-91D5-0381BB9BA22A}.Release|x86.ActiveCfg = Release|Win32
		{F1DEC3F9-706B-410D-91D5-0381BB9BA22A}.Release|x86.Build.0 = Release|Win32
		{7B417913-AE01-41E5-BFEA-AB971B779F63}.Debug|x86.ActiveCfg = Debug|Win32
		{7B417913-AE01-41E5-BFEA-AB971B779F63}.Debug|x86.Build.0 = Debug|Win32
		{7B417913-AE01-41E5-BFEA-AB971B779F63}.Release|x86.ActiveCfg = Release|Win32
		{7B417913-AE01-41E5-BFEA-AB971B779F63}.Release|x86.Build.0 = Release|Win32
		{6E81B0D8-0218-4EB9-88D7-AD2F2EBD928C}.Debug|x86.ActiveCfg = Debug|Win32
		{6E81B0D8-0218-4EB9-88D7-AD2F2EBD928C}.Debug|x86.Build.0 = Debug|Win32
		{6E81B0D8-0218-4EB9-88D7-AD2F2EBD928C}.Release|x86.ActiveCfg = Release|Win32
		{6E81B0D8-0218-4EB9-88D7-AD2F2EBD928C}.Release|x86.Build.0 = Release|Win32
		{3D889B37-09C8-4030-B815-830566CD57A3}.Debug|x86.ActiveCfg = Debug|Win32
		{3D889B37-09C8-4030-B815-830566CD57A3}.Debug|x86.Build.0 = Debug|Win32
		{3D889B37-09C8-4030-B815-830566CD57A3}.Release|x86.ActiveCfg = Release|Win32
		{3D889B37-09C8-4030-B815-830566CD57A3}.Release|x86.Build.0 = Release|Win32
		{09EF1555-CA21-47F8-8830-04A53295F8B6}.Debug|x86.ActiveCfg = Debug|Win32
		{09EF1555-CA21-47F8-8830-04A53295F8B6}.Debug|x86.Build.0 = Debug|Win32
		{09EF1555-CA21-47F8-8830-04A53295F8B6}.Release|x86.ActiveCfg = Release|Win32
		{09EF1555-CA21-47F8-8830-04A53295F8B6}.Release|x86.Build.0 = Release|Win32
		{0A37BC0E-8433-453D-9DEA-7AAD7C0E6E5C}.Debug|x86.ActiveCfg = Debug|Win32
		{0A37BC0E-8433-453D-9DEA-7AAD7C0E6E5C}.Debug|x86.Build.0 = Debug|Win32
		{0A37BC0E-8433-453D-9DEA-7AAD7C0E6E5C}.Release|x86.ActiveCfg = Release|Win32
		{0A37BC0E-8433-453D-9DEA-7AAD7C0E6E5C}.Release|x86.Build.0 = Release|Win32
		{0EBCFB5B-3092-4E06-A007-CA50B1DA3298}.Debug|x86.ActiveCfg = Debug|Win32
		{0EBCFB5B-3092-4E06-A007-CA50B1DA3298}.Debug|x86.Build.0 = Debug|Win32
		{0EBCFB5B-3092-4E06-A007-CA50B1DA3298}.Release|x86.ActiveCfg = Release|Win32
		{0EBCFB5B-3092-4E06-A007-CA50B1DA3298}.Release|x86.Build.0 = Release|Win32
		{066A261B-90F6-4AB7-8F53-1455F068D6F7}.Debug|x86.ActiveCfg = Debug|Win32
		{066A261B-90F6-4AB7-8F53-1455F068D6F7}.Debug|x86.Build.0 = Debug|Win32
		{066A261B-90F6-4AB7-8F53-1455F068D6F7}.Release|x86.ActiveCfg = Release|Win32
		{066A261B-90F6-4AB7-8F53-1455F068D6F7}.Release|x86.Build.0 = Release|Win32
		{249FBAE5-EC5D-4988-87AC-A4371D827BA4}.Debug|x86.ActiveCfg = Debug|Win32
		{249FBAE5-EC5D-4988-87AC-A4371D827BA4}.Debug|x86.Build.0 = Debug|Win32
		{249FBAE5-EC5D-4988-87AC-A4371D827BA4}.Release|x86.ActiveCfg = Release|Win32
		{249FBAE5-EC5D-4988-87AC-A4371D827BA4}.Release|x86.Build.0 = Release|Win32
		{96925A3C-9DD9-418E-A772-A112FFE93DC2}.Debug|x86.ActiveCfg = Debug|Win32
		{96925A3C-9DD9-418E-A772-A112FFE93DC2}.Debug|x86.Build.0 = Debug|Win32
		{96925A3C-9DD9-418E-A772-A112FFE93DC2}.Release|x86.ActiveCfg = Release|Win32
		{96925A3C-9DD9-418E-A772-A112FFE93DC2}.Release|x86.Build.0 = Release|Win32
		{90402A90-8D53-4843-BF11-7AE93361ED13}.Debug|x86.ActiveCfg = Debug|Win32
		{90402A90-8D53-4843-BF11-7AE93361ED13}.Debug|x86.Build.0 = Debug|Win32
		{90402A90-8D53-4843-BF11-7AE93361ED13}.Release|x86.ActiveCfg = Release|Win32
		{90402A90-8D53-4843-BF11-7AE93361ED13}.Release|x86.Build.0 = Release|Win32
		{7C2B27EB-8AE3-4FFB-8286-5BE1D4C20273}.Debug|x86.ActiveCfg = Debug|Win32
		{7C2B27EB-8AE3-4FFB-8286-5BE1D4C20273}.Debug|x86.Build.0 = Debug|Win32
		{7C2B27EB-8AE3-4FFB-8286-5BE1D4C20273}.Release|x86.ActiveCfg = Release|Win32
		{7C2B27EB-8AE3-4FFB-8286-5BE1D4C20273}.Release|x86.Build.0 = Release|Win32
	EndGlobalSection
	GlobalSection(SolutionProperties) = preSolution
		HideSolutionNode = FALSE
	EndGlobalSection
	GlobalSection(NestedProjects) = preSolution
		{C978A6C2-F788-4F5E-8E14-73C1B6B521CE} = {3C58F64F-D1C5-4E23-ADA1-C7D207664399}
		{583655C3-2633-4597-BD31-C5AA1EC78AD2} = {3C58F64F-D1C5-4E23-ADA1-C7D207664399}
		{D3F34C25-272C-4E4F-9B6F-BE7ABB472966} = {3C58F64F-D1C5-4E23-ADA1-C7D207664399}
		{DC6BA231-C318-436F-8F5C-5E2CC73779E2} = {3C58F64F-D1C5-4E23-ADA1-C7D207664399}
		{B83EEE1C-F8DE-4F82-8928-67F1B142E5F2} = {3C58F64F-D1C5-4E23-ADA1-C7D207664399}
		{E0AF9E72-F364-481A-A6E5-63EA88DF684E} = {3C58F64F-D1C5-4E23-ADA1-C7D207664399}
		{F1DEC3F9-706B-410D-91D5-0381BB9BA22A} = {3C58F64F-D1C5-4E23-ADA1-C7D207664399}
		{7B417913-AE01-41E5-BFEA-AB971B779F63} = {3C58F64F-D1C5-4E23-ADA1-C7D207664399}
		{6E81B0D8-0218-4EB9-88D7-AD2F2EBD928C} = {3C58F64F-D1C5-4E23-ADA1-C7D207664399}
		{3D889B37-09C8-4030-B815-830566CD57A3} = {3C58F64F-D1C5-4E23-ADA1-C7D207664399}
		{09EF1555-CA21-47F8-8830-04A53295F8B6} = {3C58F64F-D1C5-4E23-ADA1-C7D207664399}
		{0A37BC0E-8433-453D-9DEA-7AAD7C0E6E5C} = {3C58F64F-D1C5-4E23-ADA1-C7D207664399}
		{0EBCFB5B-3092-4E06-A007-CA50B1DA3298} = {3C58F64F-D1C5-4E23-ADA1-C7D207664399}
		{066A261B-90F6-4AB7-8F53-1455F068D6F7} = {3C58F64F-D1C5-4E23-ADA1-C7D207664399}
		{249FBAE5-EC5D-4988-87AC-A4371D827BA4} = {3C58F64F-D1C5-4E23-ADA1-C7D207664399}
		{96925A3C-9DD9-418E-A772-A112FFE93DC2} = {3C58F64F-D1C5-4E23-ADA1-C7D207664399}
		{90402A90-8D53-4843-BF11-7AE93361ED13} = {3C58F64F-D1C5-4E23-ADA1-C7D207664399}
	EndGlobalSection
	GlobalSection(ExtensibilityGlobals) = postSolution
		SolutionGuid = {7F00BED5-10C7-4A5B-B6BA-8DAA585E7C45}
	EndGlobalSection
EndGlobal
